{
  "name": "2-npm",
  "version": "1.0.0",
  "lockfileVersion": 3,
  "requires": true,
  "packages": {
    "": {
      "name": "2-npm",
      "version": "1.0.0",
      "license": "ISC",
      "dependencies": {
        "taylor-swift": "^3.3.1"
      }
    },
    "node_modules/taylor-swift": {
      "version": "3.3.1",
      "resolved": "https://registry.npmjs.org/taylor-swift/-/taylor-swift-3.3.1.tgz",
      "integrity": "sha512-lzgmjs4R0b31tQDf8hf+jDJNywkyqJujU8Eq5uUUKHPt+ZexqXk2BcUKfzLdBHp5rprix4HdmgKlhm6TGDSCWQ==",
      "license": "ISC"
    }
  }
}
